
Microsoft Visual Studio Solution File, Format Version 12.00
# Visual Studio Version 17
VisualStudioVersion = 17.13.35931.197
MinimumVisualStudioVersion = 10.0.40219.1
Project("{FAE04EC0-301F-11D3-BF4B-00C04F79EFBC}") = "ClientServerHR", "ClientServerHR\ClientServerHR.csproj", "{A248C5F0-2C12-4EBB-99FC-FBFAACFDA16D}"
EndProject
Project("{FAE04EC0-301F-11D3-BF4B-00C04F79EFBC}") = "ClientServerHRTest", "ClientServerHRTest\ClientServerHRTest.csproj", "{99BE834A-8225-4146-9472-10CBBDEE3688}"
EndProject
Global
	GlobalSection(SolutionConfigurationPlatforms) = preSolution
		Debug|Any CPU = Debug|Any CPU
		Release|Any CPU = Release|Any CPU
	EndGlobalSection
	GlobalSection(ProjectConfigurationPlatforms) = postSolution
		{A248C5F0-2C12-4EBB-99FC-FBFAACFDA16D}.Debug|Any CPU.ActiveCfg = Debug|Any CPU
		{A248C5F0-2C12-4EBB-99FC-FBFAACFDA16D}.Debug|Any CPU.Build.0 = Debug|Any CPU
		{A248C5F0-2C12-4EBB-99FC-FBFAACFDA16D}.Release|Any CPU.ActiveCfg = Release|Any CPU
		{A248C5F0-2C12-4EBB-99FC-FBFAACFDA16D}.Release|Any CPU.Build.0 = Release|Any CPU
		{99BE834A-8225-4146-9472-10CBBDEE3688}.Debug|Any CPU.ActiveCfg = Debug|Any CPU
		{99BE834A-8225-4146-9472-10CBBDEE3688}.Debug|Any CPU.Build.0 = Debug|Any CPU
		{99BE834A-8225-4146-9472-10CBBDEE3688}.Release|Any CPU.ActiveCfg = Release|Any CPU
		{99BE834A-8225-4146-9472-10CBBDEE3688}.Release|Any CPU.Build.0 = Release|Any CPU
	EndGlobalSection
	GlobalSection(SolutionProperties) = preSolution
		HideSolutionNode = FALSE
	EndGlobalSection
	GlobalSection(ExtensibilityGlobals) = postSolution
		SolutionGuid = {5163F28B-0E88-4D12-B955-35DFC1626205}
	EndGlobalSection
EndGlobal
